
Microsoft Visual Studio Solution File, Format Version 12.00
# Visual Studio Version 17
VisualStudioVersion = 17.7.34031.279
MinimumVisualStudioVersion = 10.0.40219.1
Project("{FAE04EC0-301F-11D3-BF4B-00C04F79EFBC}") = "WorldSound", "WorldSound.csproj", "{83CE80FD-0AAE-4D58-86F6-0E9A0D05E5EF}"
EndProject
Global
	GlobalSection(SolutionConfigurationPlatforms) = preSolution
		Debug|Any CPU = Debug|Any CPU
		Release|Any CPU = Release|Any CPU
	EndGlobalSection
	GlobalSection(ProjectConfigurationPlatforms) = postSolution
		{83CE80FD-0AAE-4D58-86F6-0E9A0D05E5EF}.Debug|Any CPU.ActiveCfg = Debug|Any CPU
		{83CE80FD-0AAE-4D58-86F6-0E9A0D05E5EF}.Debug|Any CPU.Build.0 = Debug|Any CPU
		{83CE80FD-0AAE-4D58-86F6-0E9A0D05E5EF}.Release|Any CPU.ActiveCfg = Release|Any CPU
		{83CE80FD-0AAE-4D58-86F6-0E9A0D05E5EF}.Release|Any CPU.Build.0 = Release|Any CPU
	EndGlobalSection
	GlobalSection(SolutionProperties) = preSolution
		HideSolutionNode = FALSE
	EndGlobalSection
	GlobalSection(ExtensibilityGlobals) = postSolution
		SolutionGuid = {9B871BFB-A494-48B6-848C-DE354835E7EC}
	EndGlobalSection
EndGlobal
